// !$*UTF8*$!
{
	archiveVersion = 1;
	classes = {
	};
	objectVersion = 50;
	objects = {

/* Begin PBXBuildFile section */
		18C76E4E22EE0CF100A3A0A4 /* AppDelegate.swift in Sources */ = {isa = PBXBuildFile; fileRef = 18C76E4D22EE0CF100A3A0A4 /* AppDelegate.swift */; };
		18C76E5022EE0CF100A3A0A4 /* ViewController.swift in Sources */ = {isa = PBXBuildFile; fileRef = 18C76E4F22EE0CF100A3A0A4 /* ViewController.swift */; };
		18C76E5322EE0CF100A3A0A4 /* Main.storyboard in Resources */ = {isa = PBXBuildFile; fileRef = 18C76E5122EE0CF100A3A0A4 /* Main.storyboard */; };
		18C76E5522EE0CF300A3A0A4 /* Assets.xcassets in Resources */ = {isa = PBXBuildFile; fileRef = 18C76E5422EE0CF300A3A0A4 /* Assets.xcassets */; };
		18C76E5822EE0CF300A3A0A4 /* LaunchScreen.storyboard in Resources */ = {isa = PBXBuildFile; fileRef = 18C76E5622EE0CF300A3A0A4 /* LaunchScreen.storyboard */; };
		18C76E6322EE0CF300A3A0A4 /* NikTravisCICDTests.swift in Sources */ = {isa = PBXBuildFile; fileRef = 18C76E6222EE0CF300A3A0A4 /* NikTravisCICDTests.swift */; };
/* End PBXBuildFile section */

/* Begin PBXContainerItemProxy section */
		18C76E5F22EE0CF300A3A0A4 /* PBXContainerItemProxy */ = {
			isa = PBXContainerItemProxy;
			containerPortal = 18C76E4222EE0CF100A3A0A4 /* Project object */;
			proxyType = 1;
			remoteGlobalIDString = 18C76E4922EE0CF100A3A0A4;
			remoteInfo = NikTravisCICD;
		};
/* End PBXContainerItemProxy section */

/* Begin PBXFileReference section */
		18C76E4A22EE0CF100A3A0A4 /* NikTravisCICD.app */ = {isa = PBXFileReference; explicitFileType = wrapper.application; includeInIndex = 0; path = NikTravisCICD.app; sourceTree = BUILT_PRODUCTS_DIR; };
		18C76E4D22EE0CF100A3A0A4 /* AppDelegate.swift */ = {isa = PBXFileReference; lastKnownFileType = sourcecode.swift; path = AppDelegate.swift; sourceTree = "<group>"; };
		18C76E4F22EE0CF100A3A0A4 /* ViewController.swift */ = {isa = PBXFileReference; lastKnownFileType = sourcecode.swift; path = ViewController.swift; sourceTree = "<group>"; };
		18C76E5222EE0CF100A3A0A4 /* Base */ = {isa = PBXFileReference; lastKnownFileType = file.storyboard; name = Base; path = Base.lproj/Main.storyboard; sourceTree = "<group>"; };
		18C76E5422EE0CF300A3A0A4 /* Assets.xcassets */ = {isa = PBXFileReference; lastKnownFileType = folder.assetcatalog; path = Assets.xcassets; sourceTree = "<group>"; };
		18C76E5722EE0CF300A3A0A4 /* Base */ = {isa = PBXFileReference; lastKnownFileType = file.storyboard; name = Base; path = Base.lproj/LaunchScreen.storyboard; sourceTree = "<group>"; };
		18C76E5922EE0CF300A3A0A4 /* Info.plist */ = {isa = PBXFileReference; lastKnownFileType = text.plist.xml; path = Info.plist; sourceTree = "<group>"; };
		18C76E5E22EE0CF300A3A0A4 /* NikTravisCICDTests.xctest */ = {isa = PBXFileReference; explicitFileType = wrapper.cfbundle; includeInIndex = 0; path = NikTravisCICDTests.xctest; sourceTree = BUILT_PRODUCTS_DIR; };
		18C76E6222EE0CF300A3A0A4 /* NikTravisCICDTests.swift */ = {isa = PBXFileReference; lastKnownFileType = sourcecode.swift; path = NikTravisCICDTests.swift; sourceTree = "<group>"; };
		18C76E6422EE0CF300A3A0A4 /* Info.plist */ = {isa = PBXFileReference; lastKnownFileType = text.plist.xml; path = Info.plist; sourceTree = "<group>"; };
/* End PBXFileReference section */

/* Begin PBXFrameworksBuildPhase section */
		18C76E4722EE0CF100A3A0A4 /* Frameworks */ = {
			isa = PBXFrameworksBuildPhase;
			buildActionMask = 2147483647;
			files = (
			);
			runOnlyForDeploymentPostprocessing = 0;
		};
		18C76E5B22EE0CF300A3A0A4 /* Frameworks */ = {
			isa = PBXFrameworksBuildPhase;
			buildActionMask = 2147483647;
			files = (
			);
			runOnlyForDeploymentPostprocessing = 0;
		};
/* End PBXFrameworksBuildPhase section */

/* Begin PBXGroup section */
		18C76E4122EE0CF100A3A0A4 = {
			isa = PBXGroup;
			children = (
				18C76E4C22EE0CF100A3A0A4 /* NikTravisCICD */,
				18C76E6122EE0CF300A3A0A4 /* NikTravisCICDTests */,
				18C76E4B22EE0CF100A3A0A4 /* Products */,
			);
			sourceTree = "<group>";
		};
		18C76E4B22EE0CF100A3A0A4 /* Products */ = {
			isa = PBXGroup;
			children = (
				18C76E4A22EE0CF100A3A0A4 /* NikTravisCICD.app */,
				18C76E5E22EE0CF300A3A0A4 /* NikTravisCICDTests.xctest */,
			);
			name = Products;
			sourceTree = "<group>";
		};
		18C76E4C22EE0CF100A3A0A4 /* NikTravisCICD */ = {
			isa = PBXGroup;
			children = (
				18C76E4D22EE0CF100A3A0A4 /* AppDelegate.swift */,
				18C76E4F22EE0CF100A3A0A4 /* ViewController.swift */,
				18C76E5122EE0CF100A3A0A4 /* Main.storyboard */,
				18C76E5422EE0CF300A3A0A4 /* Assets.xcassets */,
				18C76E5622EE0CF300A3A0A4 /* LaunchScreen.storyboard */,
				18C76E5922EE0CF300A3A0A4 /* Info.plist */,
			);
			path = NikTravisCICD;
			sourceTree = "<group>";
		};
		18C76E6122EE0CF300A3A0A4 /* NikTravisCICDTests */ = {
			isa = PBXGroup;
			children = (
				18C76E6222EE0CF300A3A0A4 /* NikTravisCICDTests.swift */,
				18C76E6422EE0CF300A3A0A4 /* Info.plist */,
			);
			path = NikTravisCICDTests;
			sourceTree = "<group>";
		};
/* End PBXGroup section */

/* Begin PBXNativeTarget section */
		18C76E4922EE0CF100A3A0A4 /* NikTravisCICD */ = {
			isa = PBXNativeTarget;
			buildConfigurationList = 18C76E6722EE0CF300A3A0A4 /* Build configuration list for PBXNativeTarget "NikTravisCICD" */;
			buildPhases = (
				18C76E4622EE0CF100A3A0A4 /* Sources */,
				18C76E4722EE0CF100A3A0A4 /* Frameworks */,
				18C76E4822EE0CF100A3A0A4 /* Resources */,
			);
			buildRules = (
			);
			dependencies = (
			);
			name = NikTravisCICD;
			productName = NikTravisCICD;
			productReference = 18C76E4A22EE0CF100A3A0A4 /* NikTravisCICD.app */;
			productType = "com.apple.product-type.application";
		};
		18C76E5D22EE0CF300A3A0A4 /* NikTravisCICDTests */ = {
			isa = PBXNativeTarget;
			buildConfigurationList = 18C76E6A22EE0CF300A3A0A4 /* Build configuration list for PBXNativeTarget "NikTravisCICDTests" */;
			buildPhases = (
				18C76E5A22EE0CF300A3A0A4 /* Sources */,
				18C76E5B22EE0CF300A3A0A4 /* Frameworks */,
				18C76E5C22EE0CF300A3A0A4 /* Resources */,
			);
			buildRules = (
			);
			dependencies = (
				18C76E6022EE0CF300A3A0A4 /* PBXTargetDependency */,
			);
			name = NikTravisCICDTests;
			productName = NikTravisCICDTests;
			productReference = 18C76E5E22EE0CF300A3A0A4 /* NikTravisCICDTests.xctest */;
			productType = "com.apple.product-type.bundle.unit-test";
		};
/* End PBXNativeTarget section */

/* Begin PBXProject section */
		18C76E4222EE0CF100A3A0A4 /* Project object */ = {
			isa = PBXProject;
			attributes = {
				LastSwiftUpdateCheck = 1020;
				LastUpgradeCheck = 1020;
				ORGANIZATIONNAME = Nikhil;
				TargetAttributes = {
					18C76E4922EE0CF100A3A0A4 = {
						CreatedOnToolsVersion = 10.2.1;
					};
					18C76E5D22EE0CF300A3A0A4 = {
						CreatedOnToolsVersion = 10.2.1;
						TestTargetID = 18C76E4922EE0CF100A3A0A4;
					};
				};
			};
			buildConfigurationList = 18C76E4522EE0CF100A3A0A4 /* Build configuration list for PBXProject "NikTravisCICD" */;
			compatibilityVersion = "Xcode 9.3";
			developmentRegion = en;
			hasScannedForEncodings = 0;
			knownRegions = (
				en,
				Base,
			);
			mainGroup = 18C76E4122EE0CF100A3A0A4;
			productRefGroup = 18C76E4B22EE0CF100A3A0A4 /* Products */;
			projectDirPath = "";
			projectRoot = "";
			targets = (
				18C76E4922EE0CF100A3A0A4 /* NikTravisCICD */,
				18C76E5D22EE0CF300A3A0A4 /* NikTravisCICDTests */,
			);
		};
/* End PBXProject section */

/* Begin PBXResourcesBuildPhase section */
		18C76E4822EE0CF100A3A0A4 /* Resources */ = {
			isa = PBXResourcesBuildPhase;
			buildActionMask = 2147483647;
			files = (
				18C76E5822EE0CF300A3A0A4 /* LaunchScreen.storyboard in Resources */,
				18C76E5522EE0CF300A3A0A4 /* Assets.xcassets in Resources */,
				18C76E5322EE0CF100A3A0A4 /* Main.storyboard in Resources */,
			);
			runOnlyForDeploymentPostprocessing = 0;
		};
		18C76E5C22EE0CF300A3A0A4 /* Resources */ = {
			isa = PBXResourcesBuildPhase;
			buildActionMask = 2147483647;
			files = (
			);
			runOnlyForDeploymentPostprocessing = 0;
		};
/* End PBXResourcesBuildPhase section */

/* Begin PBXSourcesBuildPhase section */
		18C76E4622EE0CF100A3A0A4 /* Sources */ = {
			isa = PBXSourcesBuildPhase;
			buildActionMask = 2147483647;
			files = (
				18C76E5022EE0CF100A3A0A4 /* ViewController.swift in Sources */,
				18C76E4E22EE0CF100A3A0A4 /* AppDelegate.swift in Sources */,
			);
			runOnlyForDeploymentPostprocessing = 0;
		};
		18C76E5A22EE0CF300A3A0A4 /* Sources */ = {
			isa = PBXSourcesBuildPhase;
			buildActionMask = 2147483647;
			files = (
				18C76E6322EE0CF300A3A0A4 /* NikTravisCICDTests.swift in Sources */,
			);
			runOnlyForDeploymentPostprocessing = 0;
		};
/* End PBXSourcesBuildPhase section */

/* Begin PBXTargetDependency section */
		18C76E6022EE0CF300A3A0A4 /* PBXTargetDependency */ = {
			isa = PBXTargetDependency;
			target = 18C76E4922EE0CF100A3A0A4 /* NikTravisCICD */;
			targetProxy = 18C76E5F22EE0CF300A3A0A4 /* PBXContainerItemProxy */;
		};
/* End PBXTargetDependency section */

/* Begin PBXVariantGroup section */
		18C76E5122EE0CF100A3A0A4 /* Main.storyboard */ = {
			isa = PBXVariantGroup;
			children = (
				18C76E5222EE0CF100A3A0A4 /* Base */,
			);
			name = Main.storyboard;
			sourceTree = "<group>";
		};
		18C76E5622EE0CF300A3A0A4 /* LaunchScreen.storyboard */ = {
			isa = PBXVariantGroup;
			children = (
				18C76E5722EE0CF300A3A0A4 /* Base */,
			);
			name = LaunchScreen.storyboard;
			sourceTree = "<group>";
		};
/* End PBXVariantGroup section */

/* Begin XCBuildConfiguration section */
		18C76E6522EE0CF300A3A0A4 /* Debug */ = {
			isa = XCBuildConfiguration;
			buildSettings = {
				ALWAYS_SEARCH_USER_PATHS = NO;
				CLANG_ANALYZER_NONNULL = YES;
				CLANG_ANALYZER_NUMBER_OBJECT_CONVERSION = YES_AGGRESSIVE;
				CLANG_CXX_LANGUAGE_STANDARD = "gnu++14";
				CLANG_CXX_LIBRARY = "libc++";
				CLANG_ENABLE_MODULES = YES;
				CLANG_ENABLE_OBJC_ARC = YES;
				CLANG_ENABLE_OBJC_WEAK = YES;
				CLANG_WARN_BLOCK_CAPTURE_AUTORELEASING = YES;
				CLANG_WARN_BOOL_CONVERSION = YES;
				CLANG_WARN_COMMA = YES;
				CLANG_WARN_CONSTANT_CONVERSION = YES;
				CLANG_WARN_DEPRECATED_OBJC_IMPLEMENTATIONS = YES;
				CLANG_WARN_DIRECT_OBJC_ISA_USAGE = YES_ERROR;
				CLANG_WARN_DOCUMENTATION_COMMENTS = YES;
				CLANG_WARN_EMPTY_BODY = YES;
				CLANG_WARN_ENUM_CONVERSION = YES;
				CLANG_WARN_INFINITE_RECURSION = YES;
				CLANG_WARN_INT_CONVERSION = YES;
				CLANG_WARN_NON_LITERAL_NULL_CONVERSION = YES;
				CLANG_WARN_OBJC_IMPLICIT_RETAIN_SELF = YES;
				CLANG_WARN_OBJC_LITERAL_CONVERSION = YES;
				CLANG_WARN_OBJC_ROOT_CLASS = YES_ERROR;
				CLANG_WARN_RANGE_LOOP_ANALYSIS = YES;
				CLANG_WARN_STRICT_PROTOTYPES = YES;
				CLANG_WARN_SUSPICIOUS_MOVE = YES;
				CLANG_WARN_UNGUARDED_AVAILABILITY = YES_AGGRESSIVE;
				CLANG_WARN_UNREACHABLE_CODE = YES;
				CLANG_WARN__DUPLICATE_METHOD_MATCH = YES;
				CODE_SIGN_IDENTITY = "iPhone Distribution: Nitin Pant (6LJ9Y6X5NU)";
				CODE_SIGN_STYLE = Manual;
				COPY_PHASE_STRIP = NO;
				DEBUG_INFORMATION_FORMAT = dwarf;
				ENABLE_STRICT_OBJC_MSGSEND = YES;
				ENABLE_TESTABILITY = YES;
				GCC_C_LANGUAGE_STANDARD = gnu11;
				GCC_DYNAMIC_NO_PIC = NO;
				GCC_NO_COMMON_BLOCKS = YES;
				GCC_OPTIMIZATION_LEVEL = 0;
				GCC_PREPROCESSOR_DEFINITIONS = (
					"DEBUG=1",
					"$(inherited)",
				);
				GCC_WARN_64_TO_32_BIT_CONVERSION = YES;
				GCC_WARN_ABOUT_RETURN_TYPE = YES_ERROR;
				GCC_WARN_UNDECLARED_SELECTOR = YES;
				GCC_WARN_UNINITIALIZED_AUTOS = YES_AGGRESSIVE;
				GCC_WARN_UNUSED_FUNCTION = YES;
				GCC_WARN_UNUSED_VARIABLE = YES;
				IPHONEOS_DEPLOYMENT_TARGET = 11.1;
				MTL_ENABLE_DEBUG_INFO = INCLUDE_SOURCE;
				MTL_FAST_MATH = YES;
				ONLY_ACTIVE_ARCH = YES;
				SDKROOT = iphoneos;
				SWIFT_ACTIVE_COMPILATION_CONDITIONS = DEBUG;
				SWIFT_OPTIMIZATION_LEVEL = "-Onone";
			};
			name = Debug;
		};
		18C76E6622EE0CF300A3A0A4 /* Release */ = {
			isa = XCBuildConfiguration;
			buildSettings = {
				ALWAYS_SEARCH_USER_PATHS = NO;
				CLANG_ANALYZER_NONNULL = YES;
				CLANG_ANALYZER_NUMBER_OBJECT_CONVERSION = YES_AGGRESSIVE;
				CLANG_CXX_LANGUAGE_STANDARD = "gnu++14";
				CLANG_CXX_LIBRARY = "libc++";
				CLANG_ENABLE_MODULES = YES;
				CLANG_ENABLE_OBJC_ARC = YES;
				CLANG_ENABLE_OBJC_WEAK = YES;
				CLANG_WARN_BLOCK_CAPTURE_AUTORELEASING = YES;
				CLANG_WARN_BOOL_CONVERSION = YES;
				CLANG_WARN_COMMA = YES;
				CLANG_WARN_CONSTANT_CONVERSION = YES;
				CLANG_WARN_DEPRECATED_OBJC_IMPLEMENTATIONS = YES;
				CLANG_WARN_DIRECT_OBJC_ISA_USAGE = YES_ERROR;
				CLANG_WARN_DOCUMENTATION_COMMENTS = YES;
				CLANG_WARN_EMPTY_BODY = YES;
				CLANG_WARN_ENUM_CONVERSION = YES;
				CLANG_WARN_INFINITE_RECURSION = YES;
				CLANG_WARN_INT_CONVERSION = YES;
				CLANG_WARN_NON_LITERAL_NULL_CONVERSION = YES;
				CLANG_WARN_OBJC_IMPLICIT_RETAIN_SELF = YES;
				CLANG_WARN_OBJC_LITERAL_CONVERSION = YES;
				CLANG_WARN_OBJC_ROOT_CLASS = YES_ERROR;
				CLANG_WARN_RANGE_LOOP_ANALYSIS = YES;
				CLANG_WARN_STRICT_PROTOTYPES = YES;
				CLANG_WARN_SUSPICIOUS_MOVE = YES;
				CLANG_WARN_UNGUARDED_AVAILABILITY = YES_AGGRESSIVE;
				CLANG_WARN_UNREACHABLE_CODE = YES;
				CLANG_WARN__DUPLICATE_METHOD_MATCH = YES;
				CODE_SIGN_IDENTITY = "iPhone Distribution: Nitin Pant (6LJ9Y6X5NU)";
				CODE_SIGN_STYLE = Manual;
				COPY_PHASE_STRIP = NO;
				DEBUG_INFORMATION_FORMAT = "dwarf-with-dsym";
				ENABLE_NS_ASSERTIONS = NO;
				ENABLE_STRICT_OBJC_MSGSEND = YES;
				GCC_C_LANGUAGE_STANDARD = gnu11;
				GCC_NO_COMMON_BLOCKS = YES;
				GCC_WARN_64_TO_32_BIT_CONVERSION = YES;
				GCC_WARN_ABOUT_RETURN_TYPE = YES_ERROR;
				GCC_WARN_UNDECLARED_SELECTOR = YES;
				GCC_WARN_UNINITIALIZED_AUTOS = YES_AGGRESSIVE;
				GCC_WARN_UNUSED_FUNCTION = YES;
				GCC_WARN_UNUSED_VARIABLE = YES;
				IPHONEOS_DEPLOYMENT_TARGET = 11.1;
				MTL_ENABLE_DEBUG_INFO = NO;
				MTL_FAST_MATH = YES;
				SDKROOT = iphoneos;
				SWIFT_COMPILATION_MODE = wholemodule;
				SWIFT_OPTIMIZATION_LEVEL = "-O";
				VALIDATE_PRODUCT = YES;
			};
			name = Release;
		};
		18C76E6822EE0CF300A3A0A4 /* Debug */ = {
			isa = XCBuildConfiguration;
			buildSettings = {
				ASSETCATALOG_COMPILER_APPICON_NAME = AppIcon;
				CODE_SIGN_IDENTITY = "iPhone Distribution: Nitin Pant (6LJ9Y6X5NU)";
				CODE_SIGN_STYLE = Manual;
				DEVELOPMENT_TEAM = 6LJ9Y6X5NU;
				INFOPLIST_FILE = NikTravisCICD/Info.plist;
				LD_RUNPATH_SEARCH_PATHS = (
					"$(inherited)",
					"@executable_path/Frameworks",
				);
				PRODUCT_BUNDLE_IDENTIFIER = com.deloitte.navigate;
				PRODUCT_NAME = "$(TARGET_NAME)";
				PROVISIONING_PROFILE_SPECIFIER = Distribution_Navigate;
				SWIFT_VERSION = 5.0;
				TARGETED_DEVICE_FAMILY = "1,2";
			};
			name = Debug;
		};
		18C76E6922EE0CF300A3A0A4 /* Release */ = {
			isa = XCBuildConfiguration;
			buildSettings = {
				ASSETCATALOG_COMPILER_APPICON_NAME = AppIcon;
				CODE_SIGN_IDENTITY = "iPhone Distribution: Nitin Pant (6LJ9Y6X5NU)";
				CODE_SIGN_STYLE = Manual;
				DEVELOPMENT_TEAM = 6LJ9Y6X5NU;
				INFOPLIST_FILE = NikTravisCICD/Info.plist;
				LD_RUNPATH_SEARCH_PATHS = (
					"$(inherited)",
					"@executable_path/Frameworks",
				);
				PRODUCT_BUNDLE_IDENTIFIER = com.deloitte.navigate;
				PRODUCT_NAME = "$(TARGET_NAME)";
				PROVISIONING_PROFILE_SPECIFIER = Distribution_Navigate;
				SWIFT_VERSION = 5.0;
				TARGETED_DEVICE_FAMILY = "1,2";
			};
			name = Release;
		};
		18C76E6B22EE0CF300A3A0A4 /* Debug */ = {
			isa = XCBuildConfiguration;
			buildSettings = {
				ALWAYS_EMBED_SWIFT_STANDARD_LIBRARIES = YES;
				BUNDLE_LOADER = "$(TEST_HOST)";
				CODE_SIGN_STYLE = Automatic;
				INFOPLIST_FILE = NikTravisCICDTests/Info.plist;
				LD_RUNPATH_SEARCH_PATHS = (
					"$(inherited)",
					"@executable_path/Frameworks",
					"@loader_path/Frameworks",
				);
				PRODUCT_BUNDLE_IDENTIFIER = Nikhil.NikTravisCICDTests;
				PRODUCT_NAME = "$(TARGET_NAME)";
				SWIFT_VERSION = 5.0;
				TARGETED_DEVICE_FAMILY = "1,2";
				TEST_HOST = "$(BUILT_PRODUCTS_DIR)/NikTravisCICD.app/NikTravisCICD";
			};
			name = Debug;
		};
		18C76E6C22EE0CF300A3A0A4 /* Release */ = {
			isa = XCBuildConfiguration;
			buildSettings = {
				ALWAYS_EMBED_SWIFT_STANDARD_LIBRARIES = YES;
				BUNDLE_LOADER = "$(TEST_HOST)";
				CODE_SIGN_STYLE = Automatic;
				INFOPLIST_FILE = NikTravisCICDTests/Info.plist;
				LD_RUNPATH_SEARCH_PATHS = (
					"$(inherited)",
					"@executable_path/Frameworks",
					"@loader_path/Frameworks",
				);
				PRODUCT_BUNDLE_IDENTIFIER = Nikhil.NikTravisCICDTests;
				PRODUCT_NAME = "$(TARGET_NAME)";
				SWIFT_VERSION = 5.0;
				TARGETED_DEVICE_FAMILY = "1,2";
				TEST_HOST = "$(BUILT_PRODUCTS_DIR)/NikTravisCICD.app/NikTravisCICD";
			};
			name = Release;
		};
/* End XCBuildConfiguration section */

/* Begin XCConfigurationList section */
		18C76E4522EE0CF100A3A0A4 /* Build configuration list for PBXProject "NikTravisCICD" */ = {
			isa = XCConfigurationList;
			buildConfigurations = (
				18C76E6522EE0CF300A3A0A4 /* Debug */,
				18C76E6622EE0CF300A3A0A4 /* Release */,
			);
			defaultConfigurationIsVisible = 0;
			defaultConfigurationName = Release;
		};
		18C76E6722EE0CF300A3A0A4 /* Build configuration list for PBXNativeTarget "NikTravisCICD" */ = {
			isa = XCConfigurationList;
			buildConfigurations = (
				18C76E6822EE0CF300A3A0A4 /* Debug */,
				18C76E6922EE0CF300A3A0A4 /* Release */,
			);
			defaultConfigurationIsVisible = 0;
			defaultConfigurationName = Release;
		};
		18C76E6A22EE0CF300A3A0A4 /* Build configuration list for PBXNativeTarget "NikTravisCICDTests" */ = {
			isa = XCConfigurationList;
			buildConfigurations = (
				18C76E6B22EE0CF300A3A0A4 /* Debug */,
				18C76E6C22EE0CF300A3A0A4 /* Release */,
			);
			defaultConfigurationIsVisible = 0;
			defaultConfigurationName = Release;
		};
/* End XCConfigurationList section */
	};
	rootObject = 18C76E4222EE0CF100A3A0A4 /* Project object */;
}
